
Microsoft Visual Studio Solution File, Format Version 12.00
# Visual Studio Version 17
VisualStudioVersion = 17.10.35013.160
MinimumVisualStudioVersion = 10.0.40219.1
Project("{FAE04EC0-301F-11D3-BF4B-00C04F79EFBC}") = "HarleyFeedingTracker", "HarleyFeedingTracker.csproj", "{912C1A65-4BFC-4C84-AA3D-EA5EE0DC246B}"
EndProject
Global
	GlobalSection(SolutionConfigurationPlatforms) = preSolution
		Debug|Any CPU = Debug|Any CPU
		Release|Any CPU = Release|Any CPU
	EndGlobalSection
	GlobalSection(ProjectConfigurationPlatforms) = postSolution
		{912C1A65-4BFC-4C84-AA3D-EA5EE0DC246B}.Debug|Any CPU.ActiveCfg = Debug|Any CPU
		{912C1A65-4BFC-4C84-AA3D-EA5EE0DC246B}.Debug|Any CPU.Build.0 = Debug|Any CPU
		{912C1A65-4BFC-4C84-AA3D-EA5EE0DC246B}.Debug|Any CPU.Deploy.0 = Debug|Any CPU
		{912C1A65-4BFC-4C84-AA3D-EA5EE0DC246B}.Release|Any CPU.ActiveCfg = Release|Any CPU
		{912C1A65-4BFC-4C84-AA3D-EA5EE0DC246B}.Release|Any CPU.Build.0 = Release|Any CPU
		{912C1A65-4BFC-4C84-AA3D-EA5EE0DC246B}.Release|Any CPU.Deploy.0 = Release|Any CPU
	EndGlobalSection
	GlobalSection(SolutionProperties) = preSolution
		HideSolutionNode = FALSE
	EndGlobalSection
	GlobalSection(ExtensibilityGlobals) = postSolution
		SolutionGuid = {99433563-35DE-4932-9F88-B320E1B3726A}
	EndGlobalSection
EndGlobal
